
Microsoft Visual Studio Solution File, Format Version 12.00
# Visual Studio Version 17
VisualStudioVersion = 17.9.34723.18
MinimumVisualStudioVersion = 10.0.40219.1
Project("{FAE04EC0-301F-11D3-BF4B-00C04F79EFBC}") = "WindowsFormsApp1", "WindowsFormsApp1\WindowsFormsApp1.csproj", "{B9D0AB8F-FDD3-4261-A71D-198A2E83BA66}"
EndProject
Global
	GlobalSection(SolutionConfigurationPlatforms) = preSolution
		Debug|Any CPU = Debug|Any CPU
		Release|Any CPU = Release|Any CPU
	EndGlobalSection
	GlobalSection(ProjectConfigurationPlatforms) = postSolution
		{B9D0AB8F-FDD3-4261-A71D-198A2E83BA66}.Debug|Any CPU.ActiveCfg = Debug|Any CPU
		{B9D0AB8F-FDD3-4261-A71D-198A2E83BA66}.Debug|Any CPU.Build.0 = Debug|Any CPU
		{B9D0AB8F-FDD3-4261-A71D-198A2E83BA66}.Release|Any CPU.ActiveCfg = Release|Any CPU
		{B9D0AB8F-FDD3-4261-A71D-198A2E83BA66}.Release|Any CPU.Build.0 = Release|Any CPU
	EndGlobalSection
	GlobalSection(SolutionProperties) = preSolution
		HideSolutionNode = FALSE
	EndGlobalSection
	GlobalSection(ExtensibilityGlobals) = postSolution
		SolutionGuid = {847BD73C-4EEB-44C9-8346-F6DA4E912E32}
	EndGlobalSection
EndGlobal
